
Microsoft Visual Studio Solution File, Format Version 12.00
# Visual Studio Version 17
VisualStudioVersion = 17.4.33122.133
MinimumVisualStudioVersion = 10.0.40219.1
Project("{FAE04EC0-301F-11D3-BF4B-00C04F79EFBC}") = "DayEightPartTwo", "DayEightPartTwo.csproj", "{57D3815F-1213-4809-A468-F5D8EC60C7B8}"
EndProject
Global
	GlobalSection(SolutionConfigurationPlatforms) = preSolution
		Debug|Any CPU = Debug|Any CPU
		Release|Any CPU = Release|Any CPU
	EndGlobalSection
	GlobalSection(ProjectConfigurationPlatforms) = postSolution
		{57D3815F-1213-4809-A468-F5D8EC60C7B8}.Debug|Any CPU.ActiveCfg = Debug|Any CPU
		{57D3815F-1213-4809-A468-F5D8EC60C7B8}.Debug|Any CPU.Build.0 = Debug|Any CPU
		{57D3815F-1213-4809-A468-F5D8EC60C7B8}.Release|Any CPU.ActiveCfg = Release|Any CPU
		{57D3815F-1213-4809-A468-F5D8EC60C7B8}.Release|Any CPU.Build.0 = Release|Any CPU
	EndGlobalSection
	GlobalSection(SolutionProperties) = preSolution
		HideSolutionNode = FALSE
	EndGlobalSection
	GlobalSection(ExtensibilityGlobals) = postSolution
		SolutionGuid = {E1BA2FCB-82F2-45BE-A958-B39EA5D0B92E}
	EndGlobalSection
EndGlobal
